{
  "name": "ecmf",
  "lockfileVersion": 2,
  "requires": true,
  "packages": {
    "": {
      "dependencies": {
        "create-next-app": "^13.4.13"
      }
    },
    "node_modules/create-next-app": {
      "version": "13.4.13",
      "resolved": "https://registry.npmjs.org/create-next-app/-/create-next-app-13.4.13.tgz",
      "integrity": "sha512-dkJEwjdY4Pm36zyVmjNJ69aRqNHQkLAB1r6b5BOEMOYsRubWfCClCPRk5YG3jl/WEKV6Inwvd36WsFwQoEOtgQ==",
      "bin": {
        "create-next-app": "dist/index.js"
      },
      "engines": {
        "node": ">=16.8.0"
      }
    }
  },
  "dependencies": {
    "create-next-app": {
      "version": "13.4.13",
      "resolved": "https://registry.npmjs.org/create-next-app/-/create-next-app-13.4.13.tgz",
      "integrity": "sha512-dkJEwjdY4Pm36zyVmjNJ69aRqNHQkLAB1r6b5BOEMOYsRubWfCClCPRk5YG3jl/WEKV6Inwvd36WsFwQoEOtgQ=="
    }
  }
}
