{
  "name": "ecmf",
  "lockfileVersion": 2,
  "requires": true,
  "packages": {
    "": {
      "dependencies": {
        "create-next-app": "^13.4.13",
        "dotenv": "^16.3.1"
      }
    },
    "node_modules/create-next-app": {
      "version": "13.4.13",
      "resolved": "https://registry.npmjs.org/create-next-app/-/create-next-app-13.4.13.tgz",
      "integrity": "sha512-dkJEwjdY4Pm36zyVmjNJ69aRqNHQkLAB1r6b5BOEMOYsRubWfCClCPRk5YG3jl/WEKV6Inwvd36WsFwQoEOtgQ==",
      "bin": {
        "create-next-app": "dist/index.js"
      },
      "engines": {
        "node": ">=16.8.0"
      }
    },
    "node_modules/dotenv": {
      "version": "16.3.1",
      "resolved": "https://registry.npmjs.org/dotenv/-/dotenv-16.3.1.tgz",
      "integrity": "sha512-IPzF4w4/Rd94bA9imS68tZBaYyBWSCE47V1RGuMrB94iyTOIEwRmVL2x/4An+6mETpLrKJ5hQkB8W4kFAadeIQ==",
      "engines": {
        "node": ">=12"
      },
      "funding": {
        "url": "https://github.com/motdotla/dotenv?sponsor=1"
      }
    }
  },
  "dependencies": {
    "create-next-app": {
      "version": "13.4.13",
      "resolved": "https://registry.npmjs.org/create-next-app/-/create-next-app-13.4.13.tgz",
      "integrity": "sha512-dkJEwjdY4Pm36zyVmjNJ69aRqNHQkLAB1r6b5BOEMOYsRubWfCClCPRk5YG3jl/WEKV6Inwvd36WsFwQoEOtgQ=="
    },
    "dotenv": {
      "version": "16.3.1",
      "resolved": "https://registry.npmjs.org/dotenv/-/dotenv-16.3.1.tgz",
      "integrity": "sha512-IPzF4w4/Rd94bA9imS68tZBaYyBWSCE47V1RGuMrB94iyTOIEwRmVL2x/4An+6mETpLrKJ5hQkB8W4kFAadeIQ=="
    }
  }
}
